
Microsoft Visual Studio Solution File, Format Version 12.00
# Visual Studio Version 17
VisualStudioVersion = 17.3.32922.545
MinimumVisualStudioVersion = 10.0.40219.1
Project("{FAE04EC0-301F-11D3-BF4B-00C04F79EFBC}") = "exercicioFabricaCarros2022", "exercicioFabricaCarros2022\exercicioFabricaCarros2022.csproj", "{814E9506-C131-4853-A33A-AF31C6670407}"
EndProject
Global
	GlobalSection(SolutionConfigurationPlatforms) = preSolution
		Debug|Any CPU = Debug|Any CPU
		Release|Any CPU = Release|Any CPU
	EndGlobalSection
	GlobalSection(ProjectConfigurationPlatforms) = postSolution
		{814E9506-C131-4853-A33A-AF31C6670407}.Debug|Any CPU.ActiveCfg = Debug|Any CPU
		{814E9506-C131-4853-A33A-AF31C6670407}.Debug|Any CPU.Build.0 = Debug|Any CPU
		{814E9506-C131-4853-A33A-AF31C6670407}.Release|Any CPU.ActiveCfg = Release|Any CPU
		{814E9506-C131-4853-A33A-AF31C6670407}.Release|Any CPU.Build.0 = Release|Any CPU
	EndGlobalSection
	GlobalSection(SolutionProperties) = preSolution
		HideSolutionNode = FALSE
	EndGlobalSection
	GlobalSection(ExtensibilityGlobals) = postSolution
		SolutionGuid = {1C9FD5E0-7DCF-4D42-9413-E9915903E127}
	EndGlobalSection
EndGlobal
